// !$*UTF8*$!
{
	archiveVersion = 1;
	classes = {
	};
	objectVersion = 46;
	objects = {

/* Begin PBXBuildFile section */
		32A08E5919C022C600F7CBC7 /* AppDelegate.swift in Sources */ = {isa = PBXBuildFile; fileRef = 32A08E5819C022C600F7CBC7 /* AppDelegate.swift */; };
		32A08E5C19C022C600F7CBC7 /* TodoKY.xcdatamodeld in Sources */ = {isa = PBXBuildFile; fileRef = 32A08E5A19C022C600F7CBC7 /* TodoKY.xcdatamodeld */; };
		32A08E5E19C022C600F7CBC7 /* ViewController.swift in Sources */ = {isa = PBXBuildFile; fileRef = 32A08E5D19C022C600F7CBC7 /* ViewController.swift */; };
		32A08E6119C022C600F7CBC7 /* Main.storyboard in Resources */ = {isa = PBXBuildFile; fileRef = 32A08E5F19C022C600F7CBC7 /* Main.storyboard */; };
		32A08E6319C022C600F7CBC7 /* Images.xcassets in Resources */ = {isa = PBXBuildFile; fileRef = 32A08E6219C022C600F7CBC7 /* Images.xcassets */; };
		32A08E6F19C022C600F7CBC7 /* TodoKYTests.swift in Sources */ = {isa = PBXBuildFile; fileRef = 32A08E6E19C022C600F7CBC7 /* TodoKYTests.swift */; };
/* End PBXBuildFile section */

/* Begin PBXContainerItemProxy section */
		32A08E6919C022C600F7CBC7 /* PBXContainerItemProxy */ = {
			isa = PBXContainerItemProxy;
			containerPortal = 32A08E4B19C022C600F7CBC7 /* Project object */;
			proxyType = 1;
			remoteGlobalIDString = 32A08E5219C022C600F7CBC7;
			remoteInfo = TodoKY;
		};
/* End PBXContainerItemProxy section */

/* Begin PBXFileReference section */
		32A08E5319C022C600F7CBC7 /* TodoKY.app */ = {isa = PBXFileReference; explicitFileType = wrapper.application; includeInIndex = 0; path = TodoKY.app; sourceTree = BUILT_PRODUCTS_DIR; };
		32A08E5719C022C600F7CBC7 /* Info.plist */ = {isa = PBXFileReference; lastKnownFileType = text.plist.xml; path = Info.plist; sourceTree = "<group>"; };
		32A08E5819C022C600F7CBC7 /* AppDelegate.swift */ = {isa = PBXFileReference; lastKnownFileType = sourcecode.swift; path = AppDelegate.swift; sourceTree = "<group>"; };
		32A08E5B19C022C600F7CBC7 /* TodoKY.xcdatamodel */ = {isa = PBXFileReference; lastKnownFileType = wrapper.xcdatamodel; path = TodoKY.xcdatamodel; sourceTree = "<group>"; };
		32A08E5D19C022C600F7CBC7 /* ViewController.swift */ = {isa = PBXFileReference; lastKnownFileType = sourcecode.swift; path = ViewController.swift; sourceTree = "<group>"; };
		32A08E6019C022C600F7CBC7 /* Base */ = {isa = PBXFileReference; lastKnownFileType = file.storyboard; name = Base; path = Base.lproj/Main.storyboard; sourceTree = "<group>"; };
		32A08E6219C022C600F7CBC7 /* Images.xcassets */ = {isa = PBXFileReference; lastKnownFileType = folder.assetcatalog; path = Images.xcassets; sourceTree = "<group>"; };
		32A08E6819C022C600F7CBC7 /* TodoKYTests.xctest */ = {isa = PBXFileReference; explicitFileType = wrapper.cfbundle; includeInIndex = 0; path = TodoKYTests.xctest; sourceTree = BUILT_PRODUCTS_DIR; };
		32A08E6D19C022C600F7CBC7 /* Info.plist */ = {isa = PBXFileReference; lastKnownFileType = text.plist.xml; path = Info.plist; sourceTree = "<group>"; };
		32A08E6E19C022C600F7CBC7 /* TodoKYTests.swift */ = {isa = PBXFileReference; lastKnownFileType = sourcecode.swift; path = TodoKYTests.swift; sourceTree = "<group>"; };
/* End PBXFileReference section */

/* Begin PBXFrameworksBuildPhase section */
		32A08E5019C022C600F7CBC7 /* Frameworks */ = {
			isa = PBXFrameworksBuildPhase;
			buildActionMask = 2147483647;
			files = (
			);
			runOnlyForDeploymentPostprocessing = 0;
		};
		32A08E6519C022C600F7CBC7 /* Frameworks */ = {
			isa = PBXFrameworksBuildPhase;
			buildActionMask = 2147483647;
			files = (
			);
			runOnlyForDeploymentPostprocessing = 0;
		};
/* End PBXFrameworksBuildPhase section */

/* Begin PBXGroup section */
		32A08E4A19C022C600F7CBC7 = {
			isa = PBXGroup;
			children = (
				32A08E5519C022C600F7CBC7 /* TodoKY */,
				32A08E6B19C022C600F7CBC7 /* TodoKYTests */,
				32A08E5419C022C600F7CBC7 /* Products */,
			);
			sourceTree = "<group>";
		};
		32A08E5419C022C600F7CBC7 /* Products */ = {
			isa = PBXGroup;
			children = (
				32A08E5319C022C600F7CBC7 /* TodoKY.app */,
				32A08E6819C022C600F7CBC7 /* TodoKYTests.xctest */,
			);
			name = Products;
			sourceTree = "<group>";
		};
		32A08E5519C022C600F7CBC7 /* TodoKY */ = {
			isa = PBXGroup;
			children = (
				32A08E5819C022C600F7CBC7 /* AppDelegate.swift */,
				32A08E5D19C022C600F7CBC7 /* ViewController.swift */,
				32A08E5F19C022C600F7CBC7 /* Main.storyboard */,
				32A08E6219C022C600F7CBC7 /* Images.xcassets */,
				32A08E5A19C022C600F7CBC7 /* TodoKY.xcdatamodeld */,
				32A08E5619C022C600F7CBC7 /* Supporting Files */,
			);
			path = TodoKY;
			sourceTree = "<group>";
		};
		32A08E5619C022C600F7CBC7 /* Supporting Files */ = {
			isa = PBXGroup;
			children = (
				32A08E5719C022C600F7CBC7 /* Info.plist */,
			);
			name = "Supporting Files";
			sourceTree = "<group>";
		};
		32A08E6B19C022C600F7CBC7 /* TodoKYTests */ = {
			isa = PBXGroup;
			children = (
				32A08E6E19C022C600F7CBC7 /* TodoKYTests.swift */,
				32A08E6C19C022C600F7CBC7 /* Supporting Files */,
			);
			path = TodoKYTests;
			sourceTree = "<group>";
		};
		32A08E6C19C022C600F7CBC7 /* Supporting Files */ = {
			isa = PBXGroup;
			children = (
				32A08E6D19C022C600F7CBC7 /* Info.plist */,
			);
			name = "Supporting Files";
			sourceTree = "<group>";
		};
/* End PBXGroup section */

/* Begin PBXNativeTarget section */
		32A08E5219C022C600F7CBC7 /* TodoKY */ = {
			isa = PBXNativeTarget;
			buildConfigurationList = 32A08E7219C022C600F7CBC7 /* Build configuration list for PBXNativeTarget "TodoKY" */;
			buildPhases = (
				32A08E4F19C022C600F7CBC7 /* Sources */,
				32A08E5019C022C600F7CBC7 /* Frameworks */,
				32A08E5119C022C600F7CBC7 /* Resources */,
			);
			buildRules = (
			);
			dependencies = (
			);
			name = TodoKY;
			productName = TodoKY;
			productReference = 32A08E5319C022C600F7CBC7 /* TodoKY.app */;
			productType = "com.apple.product-type.application";
		};
		32A08E6719C022C600F7CBC7 /* TodoKYTests */ = {
			isa = PBXNativeTarget;
			buildConfigurationList = 32A08E7519C022C600F7CBC7 /* Build configuration list for PBXNativeTarget "TodoKYTests" */;
			buildPhases = (
				32A08E6419C022C600F7CBC7 /* Sources */,
				32A08E6519C022C600F7CBC7 /* Frameworks */,
				32A08E6619C022C600F7CBC7 /* Resources */,
			);
			buildRules = (
			);
			dependencies = (
				32A08E6A19C022C600F7CBC7 /* PBXTargetDependency */,
			);
			name = TodoKYTests;
			productName = TodoKYTests;
			productReference = 32A08E6819C022C600F7CBC7 /* TodoKYTests.xctest */;
			productType = "com.apple.product-type.bundle.unit-test";
		};
/* End PBXNativeTarget section */

/* Begin PBXProject section */
		32A08E4B19C022C600F7CBC7 /* Project object */ = {
			isa = PBXProject;
			attributes = {
				LastUpgradeCheck = 0600;
				ORGANIZATIONNAME = "Kazuaki Yamamoto";
				TargetAttributes = {
					32A08E5219C022C600F7CBC7 = {
						CreatedOnToolsVersion = 6.0;
					};
					32A08E6719C022C600F7CBC7 = {
						CreatedOnToolsVersion = 6.0;
						TestTargetID = 32A08E5219C022C600F7CBC7;
					};
				};
			};
			buildConfigurationList = 32A08E4E19C022C600F7CBC7 /* Build configuration list for PBXProject "TodoKY" */;
			compatibilityVersion = "Xcode 3.2";
			developmentRegion = English;
			hasScannedForEncodings = 0;
			knownRegions = (
				en,
				Base,
			);
			mainGroup = 32A08E4A19C022C600F7CBC7;
			productRefGroup = 32A08E5419C022C600F7CBC7 /* Products */;
			projectDirPath = "";
			projectRoot = "";
			targets = (
				32A08E5219C022C600F7CBC7 /* TodoKY */,
				32A08E6719C022C600F7CBC7 /* TodoKYTests */,
			);
		};
/* End PBXProject section */

/* Begin PBXResourcesBuildPhase section */
		32A08E5119C022C600F7CBC7 /* Resources */ = {
			isa = PBXResourcesBuildPhase;
			buildActionMask = 2147483647;
			files = (
				32A08E6119C022C600F7CBC7 /* Main.storyboard in Resources */,
				32A08E6319C022C600F7CBC7 /* Images.xcassets in Resources */,
			);
			runOnlyForDeploymentPostprocessing = 0;
		};
		32A08E6619C022C600F7CBC7 /* Resources */ = {
			isa = PBXResourcesBuildPhase;
			buildActionMask = 2147483647;
			files = (
			);
			runOnlyForDeploymentPostprocessing = 0;
		};
/* End PBXResourcesBuildPhase section */

/* Begin PBXSourcesBuildPhase section */
		32A08E4F19C022C600F7CBC7 /* Sources */ = {
			isa = PBXSourcesBuildPhase;
			buildActionMask = 2147483647;
			files = (
				32A08E5E19C022C600F7CBC7 /* ViewController.swift in Sources */,
				32A08E5919C022C600F7CBC7 /* AppDelegate.swift in Sources */,
				32A08E5C19C022C600F7CBC7 /* TodoKY.xcdatamodeld in Sources */,
			);
			runOnlyForDeploymentPostprocessing = 0;
		};
		32A08E6419C022C600F7CBC7 /* Sources */ = {
			isa = PBXSourcesBuildPhase;
			buildActionMask = 2147483647;
			files = (
				32A08E6F19C022C600F7CBC7 /* TodoKYTests.swift in Sources */,
			);
			runOnlyForDeploymentPostprocessing = 0;
		};
/* End PBXSourcesBuildPhase section */

/* Begin PBXTargetDependency section */
		32A08E6A19C022C600F7CBC7 /* PBXTargetDependency */ = {
			isa = PBXTargetDependency;
			target = 32A08E5219C022C600F7CBC7 /* TodoKY */;
			targetProxy = 32A08E6919C022C600F7CBC7 /* PBXContainerItemProxy */;
		};
/* End PBXTargetDependency section */

/* Begin PBXVariantGroup section */
		32A08E5F19C022C600F7CBC7 /* Main.storyboard */ = {
			isa = PBXVariantGroup;
			children = (
				32A08E6019C022C600F7CBC7 /* Base */,
			);
			name = Main.storyboard;
			sourceTree = "<group>";
		};
/* End PBXVariantGroup section */

/* Begin XCBuildConfiguration section */
		32A08E7019C022C600F7CBC7 /* Debug */ = {
			isa = XCBuildConfiguration;
			buildSettings = {
				ALWAYS_SEARCH_USER_PATHS = NO;
				CLANG_CXX_LANGUAGE_STANDARD = "gnu++0x";
				CLANG_CXX_LIBRARY = "libc++";
				CLANG_ENABLE_MODULES = YES;
				CLANG_ENABLE_OBJC_ARC = YES;
				CLANG_WARN_BOOL_CONVERSION = YES;
				CLANG_WARN_CONSTANT_CONVERSION = YES;
				CLANG_WARN_DIRECT_OBJC_ISA_USAGE = YES_ERROR;
				CLANG_WARN_EMPTY_BODY = YES;
				CLANG_WARN_ENUM_CONVERSION = YES;
				CLANG_WARN_INT_CONVERSION = YES;
				CLANG_WARN_OBJC_ROOT_CLASS = YES_ERROR;
				CLANG_WARN_UNREACHABLE_CODE = YES;
				CLANG_WARN__DUPLICATE_METHOD_MATCH = YES;
				"CODE_SIGN_IDENTITY[sdk=iphoneos*]" = "iPhone Developer";
				COPY_PHASE_STRIP = NO;
				ENABLE_STRICT_OBJC_MSGSEND = YES;
				GCC_C_LANGUAGE_STANDARD = gnu99;
				GCC_DYNAMIC_NO_PIC = NO;
				GCC_OPTIMIZATION_LEVEL = 0;
				GCC_PREPROCESSOR_DEFINITIONS = (
					"DEBUG=1",
					"$(inherited)",
				);
				GCC_SYMBOLS_PRIVATE_EXTERN = NO;
				GCC_WARN_64_TO_32_BIT_CONVERSION = YES;
				GCC_WARN_ABOUT_RETURN_TYPE = YES_ERROR;
				GCC_WARN_UNDECLARED_SELECTOR = YES;
				GCC_WARN_UNINITIALIZED_AUTOS = YES_AGGRESSIVE;
				GCC_WARN_UNUSED_FUNCTION = YES;
				GCC_WARN_UNUSED_VARIABLE = YES;
				IPHONEOS_DEPLOYMENT_TARGET = 8.0;
				MTL_ENABLE_DEBUG_INFO = YES;
				ONLY_ACTIVE_ARCH = YES;
				SDKROOT = iphoneos;
				SWIFT_OPTIMIZATION_LEVEL = "-Onone";
				TARGETED_DEVICE_FAMILY = "1,2";
			};
			name = Debug;
		};
		32A08E7119C022C600F7CBC7 /* Release */ = {
			isa = XCBuildConfiguration;
			buildSettings = {
				ALWAYS_SEARCH_USER_PATHS = NO;
				CLANG_CXX_LANGUAGE_STANDARD = "gnu++0x";
				CLANG_CXX_LIBRARY = "libc++";
				CLANG_ENABLE_MODULES = YES;
				CLANG_ENABLE_OBJC_ARC = YES;
				CLANG_WARN_BOOL_CONVERSION = YES;
				CLANG_WARN_CONSTANT_CONVERSION = YES;
				CLANG_WARN_DIRECT_OBJC_ISA_USAGE = YES_ERROR;
				CLANG_WARN_EMPTY_BODY = YES;
				CLANG_WARN_ENUM_CONVERSION = YES;
				CLANG_WARN_INT_CONVERSION = YES;
				CLANG_WARN_OBJC_ROOT_CLASS = YES_ERROR;
				CLANG_WARN_UNREACHABLE_CODE = YES;
				CLANG_WARN__DUPLICATE_METHOD_MATCH = YES;
				"CODE_SIGN_IDENTITY[sdk=iphoneos*]" = "iPhone Developer";
				COPY_PHASE_STRIP = YES;
				ENABLE_NS_ASSERTIONS = NO;
				ENABLE_STRICT_OBJC_MSGSEND = YES;
				GCC_C_LANGUAGE_STANDARD = gnu99;
				GCC_WARN_64_TO_32_BIT_CONVERSION = YES;
				GCC_WARN_ABOUT_RETURN_TYPE = YES_ERROR;
				GCC_WARN_UNDECLARED_SELECTOR = YES;
				GCC_WARN_UNINITIALIZED_AUTOS = YES_AGGRESSIVE;
				GCC_WARN_UNUSED_FUNCTION = YES;
				GCC_WARN_UNUSED_VARIABLE = YES;
				IPHONEOS_DEPLOYMENT_TARGET = 8.0;
				MTL_ENABLE_DEBUG_INFO = NO;
				SDKROOT = iphoneos;
				TARGETED_DEVICE_FAMILY = "1,2";
				VALIDATE_PRODUCT = YES;
			};
			name = Release;
		};
		32A08E7319C022C600F7CBC7 /* Debug */ = {
			isa = XCBuildConfiguration;
			buildSettings = {
				ASSETCATALOG_COMPILER_APPICON_NAME = AppIcon;
				ASSETCATALOG_COMPILER_LAUNCHIMAGE_NAME = LaunchImage;
				INFOPLIST_FILE = TodoKY/Info.plist;
				LD_RUNPATH_SEARCH_PATHS = "$(inherited) @executable_path/Frameworks";
				PRODUCT_NAME = "$(TARGET_NAME)";
			};
			name = Debug;
		};
		32A08E7419C022C600F7CBC7 /* Release */ = {
			isa = XCBuildConfiguration;
			buildSettings = {
				ASSETCATALOG_COMPILER_APPICON_NAME = AppIcon;
				ASSETCATALOG_COMPILER_LAUNCHIMAGE_NAME = LaunchImage;
				INFOPLIST_FILE = TodoKY/Info.plist;
				LD_RUNPATH_SEARCH_PATHS = "$(inherited) @executable_path/Frameworks";
				PRODUCT_NAME = "$(TARGET_NAME)";
			};
			name = Release;
		};
		32A08E7619C022C600F7CBC7 /* Debug */ = {
			isa = XCBuildConfiguration;
			buildSettings = {
				BUNDLE_LOADER = "$(TEST_HOST)";
				FRAMEWORK_SEARCH_PATHS = (
					"$(SDKROOT)/Developer/Library/Frameworks",
					"$(inherited)",
				);
				GCC_PREPROCESSOR_DEFINITIONS = (
					"DEBUG=1",
					"$(inherited)",
				);
				INFOPLIST_FILE = TodoKYTests/Info.plist;
				LD_RUNPATH_SEARCH_PATHS = "$(inherited) @executable_path/Frameworks @loader_path/Frameworks";
				PRODUCT_NAME = "$(TARGET_NAME)";
				TEST_HOST = "$(BUILT_PRODUCTS_DIR)/TodoKY.app/TodoKY";
			};
			name = Debug;
		};
		32A08E7719C022C600F7CBC7 /* Release */ = {
			isa = XCBuildConfiguration;
			buildSettings = {
				BUNDLE_LOADER = "$(TEST_HOST)";
				FRAMEWORK_SEARCH_PATHS = (
					"$(SDKROOT)/Developer/Library/Frameworks",
					"$(inherited)",
				);
				INFOPLIST_FILE = TodoKYTests/Info.plist;
				LD_RUNPATH_SEARCH_PATHS = "$(inherited) @executable_path/Frameworks @loader_path/Frameworks";
				PRODUCT_NAME = "$(TARGET_NAME)";
				TEST_HOST = "$(BUILT_PRODUCTS_DIR)/TodoKY.app/TodoKY";
			};
			name = Release;
		};
/* End XCBuildConfiguration section */

/* Begin XCConfigurationList section */
		32A08E4E19C022C600F7CBC7 /* Build configuration list for PBXProject "TodoKY" */ = {
			isa = XCConfigurationList;
			buildConfigurations = (
				32A08E7019C022C600F7CBC7 /* Debug */,
				32A08E7119C022C600F7CBC7 /* Release */,
			);
			defaultConfigurationIsVisible = 0;
			defaultConfigurationName = Release;
		};
		32A08E7219C022C600F7CBC7 /* Build configuration list for PBXNativeTarget "TodoKY" */ = {
			isa = XCConfigurationList;
			buildConfigurations = (
				32A08E7319C022C600F7CBC7 /* Debug */,
				32A08E7419C022C600F7CBC7 /* Release */,
			);
			defaultConfigurationIsVisible = 0;
		};
		32A08E7519C022C600F7CBC7 /* Build configuration list for PBXNativeTarget "TodoKYTests" */ = {
			isa = XCConfigurationList;
			buildConfigurations = (
				32A08E7619C022C600F7CBC7 /* Debug */,
				32A08E7719C022C600F7CBC7 /* Release */,
			);
			defaultConfigurationIsVisible = 0;
		};
/* End XCConfigurationList section */

/* Begin XCVersionGroup section */
		32A08E5A19C022C600F7CBC7 /* TodoKY.xcdatamodeld */ = {
			isa = XCVersionGroup;
			children = (
				32A08E5B19C022C600F7CBC7 /* TodoKY.xcdatamodel */,
			);
			currentVersion = 32A08E5B19C022C600F7CBC7 /* TodoKY.xcdatamodel */;
			path = TodoKY.xcdatamodeld;
			sourceTree = "<group>";
			versionGroupType = wrapper.xcdatamodel;
		};
/* End XCVersionGroup section */
	};
	rootObject = 32A08E4B19C022C600F7CBC7 /* Project object */;
}
